
Microsoft Visual Studio Solution File, Format Version 12.00
# Visual Studio Version 16
VisualStudioVersion = 16.0.29613.14
MinimumVisualStudioVersion = 10.0.40219.1
Project("{9A19103F-16F7-4668-BE54-9A1E7A4F7556}") = "CourseService", "CourseService\CourseService.csproj", "{05FB0571-92E6-4CD0-9DE2-7062150984D1}"
EndProject
Project("{9A19103F-16F7-4668-BE54-9A1E7A4F7556}") = "CourseService.Integration.Tests", "CourseService.Integration.Tests\CourseService.Integration.Tests.csproj", "{93B72B59-FAEE-4128-ADD8-BF8C5D95566C}"
EndProject
Global
	GlobalSection(SolutionConfigurationPlatforms) = preSolution
		Debug|Any CPU = Debug|Any CPU
		Release|Any CPU = Release|Any CPU
	EndGlobalSection
	GlobalSection(ProjectConfigurationPlatforms) = postSolution
		{05FB0571-92E6-4CD0-9DE2-7062150984D1}.Debug|Any CPU.ActiveCfg = Debug|Any CPU
		{05FB0571-92E6-4CD0-9DE2-7062150984D1}.Debug|Any CPU.Build.0 = Debug|Any CPU
		{05FB0571-92E6-4CD0-9DE2-7062150984D1}.Release|Any CPU.ActiveCfg = Release|Any CPU
		{05FB0571-92E6-4CD0-9DE2-7062150984D1}.Release|Any CPU.Build.0 = Release|Any CPU
		{93B72B59-FAEE-4128-ADD8-BF8C5D95566C}.Debug|Any CPU.ActiveCfg = Debug|Any CPU
		{93B72B59-FAEE-4128-ADD8-BF8C5D95566C}.Debug|Any CPU.Build.0 = Debug|Any CPU
		{93B72B59-FAEE-4128-ADD8-BF8C5D95566C}.Release|Any CPU.ActiveCfg = Release|Any CPU
		{93B72B59-FAEE-4128-ADD8-BF8C5D95566C}.Release|Any CPU.Build.0 = Release|Any CPU
	EndGlobalSection
	GlobalSection(SolutionProperties) = preSolution
		HideSolutionNode = FALSE
	EndGlobalSection
	GlobalSection(ExtensibilityGlobals) = postSolution
		SolutionGuid = {11092831-B97B-4373-8105-730A6EC68A9C}
	EndGlobalSection
EndGlobal
