
Microsoft Visual Studio Solution File, Format Version 12.00
# Visual Studio Version 16
VisualStudioVersion = 16.0.29609.76
MinimumVisualStudioVersion = 10.0.40219.1
Project("{FAE04EC0-301F-11D3-BF4B-00C04F79EFBC}") = "CourseService", "CourseService.csproj", "{2602D3B5-19B3-43A7-B3D6-52CDB9B0A858}"
EndProject
Global
	GlobalSection(SolutionConfigurationPlatforms) = preSolution
		Debug|Any CPU = Debug|Any CPU
		Release|Any CPU = Release|Any CPU
	EndGlobalSection
	GlobalSection(ProjectConfigurationPlatforms) = postSolution
		{2602D3B5-19B3-43A7-B3D6-52CDB9B0A858}.Debug|Any CPU.ActiveCfg = Debug|Any CPU
		{2602D3B5-19B3-43A7-B3D6-52CDB9B0A858}.Debug|Any CPU.Build.0 = Debug|Any CPU
		{2602D3B5-19B3-43A7-B3D6-52CDB9B0A858}.Release|Any CPU.ActiveCfg = Release|Any CPU
		{2602D3B5-19B3-43A7-B3D6-52CDB9B0A858}.Release|Any CPU.Build.0 = Release|Any CPU
	EndGlobalSection
	GlobalSection(SolutionProperties) = preSolution
		HideSolutionNode = FALSE
	EndGlobalSection
	GlobalSection(ExtensibilityGlobals) = postSolution
		SolutionGuid = {B26053A6-531F-4993-A287-F3446183E6F9}
	EndGlobalSection
EndGlobal
